# This file is automatically @generated by Cargo.
# It is not intended for manual editing.
[[package]]
name = "alphanumeric-sort"
version = "1.4.0"
source = "registry+https://github.com/rust-lang/crates.io-index"
checksum = "e0e75706f4ee4c69aaa277f73a7a6ad60222193938d4266b929aacd17ebb29b9"

[[package]]
name = "mmrbi"
version = "0.0.15"
source = "registry+https://github.com/rust-lang/crates.io-index"
checksum = "80d43451d366fa7ea4e4d109bab99597e4bbfcc0bee67985a4f81ac19dba2db8"
dependencies = [
 "alphanumeric-sort",
]

[[package]]
name = "xtask"
version = "0.0.0"
dependencies = [
 "mmrbi",
]
